
Microsoft Visual Studio Solution File, Format Version 12.00
# Visual Studio 15
VisualStudioVersion = 15.0.27428.2015
MinimumVisualStudioVersion = 10.0.40219.1
Project("{FAE04EC0-301F-11D3-BF4B-00C04F79EFBC}") = "NetInvenApplication", "NetInvenApplication\NetInvenApplication.csproj", "{384B0D02-E5CC-4205-B2B3-1DFAB8A0AE88}"
EndProject
Global
	GlobalSection(SolutionConfigurationPlatforms) = preSolution
		Debug|Any CPU = Debug|Any CPU
		Release|Any CPU = Release|Any CPU
	EndGlobalSection
	GlobalSection(ProjectConfigurationPlatforms) = postSolution
		{384B0D02-E5CC-4205-B2B3-1DFAB8A0AE88}.Debug|Any CPU.ActiveCfg = Debug|Any CPU
		{384B0D02-E5CC-4205-B2B3-1DFAB8A0AE88}.Debug|Any CPU.Build.0 = Debug|Any CPU
		{384B0D02-E5CC-4205-B2B3-1DFAB8A0AE88}.Release|Any CPU.ActiveCfg = Release|Any CPU
		{384B0D02-E5CC-4205-B2B3-1DFAB8A0AE88}.Release|Any CPU.Build.0 = Release|Any CPU
	EndGlobalSection
	GlobalSection(SolutionProperties) = preSolution
		HideSolutionNode = FALSE
	EndGlobalSection
	GlobalSection(ExtensibilityGlobals) = postSolution
		SolutionGuid = {DCABEA34-F1A8-41C6-8D56-425C3A013EE3}
	EndGlobalSection
EndGlobal
